
Microsoft Visual Studio Solution File, Format Version 12.00
# Visual Studio 15
VisualStudioVersion = 15.0.26430.16
MinimumVisualStudioVersion = 10.0.40219.1
Project("{FAE04EC0-301F-11D3-BF4B-00C04F79EFBC}") = "Lazy.Data", "Lazy.Data\Lazy.Data.csproj", "{16DDC6EA-8263-4104-ABFA-352A770D4284}"
EndProject
Project("{FAE04EC0-301F-11D3-BF4B-00C04F79EFBC}") = "Lazy.Services", "Lazy.Services\Lazy.Services.csproj", "{53A17433-5B38-4388-8798-F6962C45A866}"
EndProject
Project("{FAE04EC0-301F-11D3-BF4B-00C04F79EFBC}") = "Lazy.Models", "Lazy.Models\Lazy.Models.csproj", "{CC0F29C7-0F4A-4CF1-81B2-04F309F6B2CC}"
EndProject
Project("{FAE04EC0-301F-11D3-BF4B-00C04F79EFBC}") = "Lazy.UI", "Lazy.UI\Lazy.UI.csproj", "{38509D20-C766-45E2-9853-C363A61AA4B3}"
EndProject
Project("{FAE04EC0-301F-11D3-BF4B-00C04F79EFBC}") = "Lazy.Core", "Lazy.Core\Lazy.Core.csproj", "{034468C8-181C-480C-A567-4796AF637887}"
EndProject
Global
	GlobalSection(SolutionConfigurationPlatforms) = preSolution
		Debug|Any CPU = Debug|Any CPU
		Release|Any CPU = Release|Any CPU
	EndGlobalSection
	GlobalSection(ProjectConfigurationPlatforms) = postSolution
		{16DDC6EA-8263-4104-ABFA-352A770D4284}.Debug|Any CPU.ActiveCfg = Debug|Any CPU
		{16DDC6EA-8263-4104-ABFA-352A770D4284}.Debug|Any CPU.Build.0 = Debug|Any CPU
		{16DDC6EA-8263-4104-ABFA-352A770D4284}.Release|Any CPU.ActiveCfg = Release|Any CPU
		{16DDC6EA-8263-4104-ABFA-352A770D4284}.Release|Any CPU.Build.0 = Release|Any CPU
		{53A17433-5B38-4388-8798-F6962C45A866}.Debug|Any CPU.ActiveCfg = Debug|Any CPU
		{53A17433-5B38-4388-8798-F6962C45A866}.Debug|Any CPU.Build.0 = Debug|Any CPU
		{53A17433-5B38-4388-8798-F6962C45A866}.Release|Any CPU.ActiveCfg = Release|Any CPU
		{53A17433-5B38-4388-8798-F6962C45A866}.Release|Any CPU.Build.0 = Release|Any CPU
		{CC0F29C7-0F4A-4CF1-81B2-04F309F6B2CC}.Debug|Any CPU.ActiveCfg = Debug|Any CPU
		{CC0F29C7-0F4A-4CF1-81B2-04F309F6B2CC}.Debug|Any CPU.Build.0 = Debug|Any CPU
		{CC0F29C7-0F4A-4CF1-81B2-04F309F6B2CC}.Release|Any CPU.ActiveCfg = Release|Any CPU
		{CC0F29C7-0F4A-4CF1-81B2-04F309F6B2CC}.Release|Any CPU.Build.0 = Release|Any CPU
		{38509D20-C766-45E2-9853-C363A61AA4B3}.Debug|Any CPU.ActiveCfg = Debug|Any CPU
		{38509D20-C766-45E2-9853-C363A61AA4B3}.Debug|Any CPU.Build.0 = Debug|Any CPU
		{38509D20-C766-45E2-9853-C363A61AA4B3}.Release|Any CPU.ActiveCfg = Release|Any CPU
		{38509D20-C766-45E2-9853-C363A61AA4B3}.Release|Any CPU.Build.0 = Release|Any CPU
		{034468C8-181C-480C-A567-4796AF637887}.Debug|Any CPU.ActiveCfg = Debug|Any CPU
		{034468C8-181C-480C-A567-4796AF637887}.Debug|Any CPU.Build.0 = Debug|Any CPU
		{034468C8-181C-480C-A567-4796AF637887}.Release|Any CPU.ActiveCfg = Release|Any CPU
		{034468C8-181C-480C-A567-4796AF637887}.Release|Any CPU.Build.0 = Release|Any CPU
	EndGlobalSection
	GlobalSection(SolutionProperties) = preSolution
		HideSolutionNode = FALSE
	EndGlobalSection
	GlobalSection(ExtensibilityGlobals) = postSolution
		SolutionGuid = {C1C70EF6-44A8-4452-AFEF-AD1F6E29EFE2}
	EndGlobalSection
EndGlobal
